{
  "name": "service",
  "version": "1.0.0",
  "lockfileVersion": 1,
  "requires": true,
  "dependencies": {
    "axios": {
      "version": "0.21.4",
      "resolved": "https://art-bobcat.autodesk.com:443/artifactory/api/npm/team-autocad-npm-virtual/axios/-/axios-0.21.4.tgz",
      "integrity": "sha1-xnuQ3AVo5cHPKwuFjEO6KOLtpXU=",
      "requires": {
        "follow-redirects": "^1.14.0"
      }
    },
    "dotenv": {
      "version": "10.0.0",
      "resolved": "https://art-bobcat.autodesk.com:443/artifactory/api/npm/team-autocad-npm-virtual/dotenv/-/dotenv-10.0.0.tgz",
      "integrity": "sha1-PUInuPuV+BCWzdK2ZlP7LHCFuoE="
    },
    "follow-redirects": {
      "version": "1.14.3",
      "resolved": "https://art-bobcat.autodesk.com:443/artifactory/api/npm/team-autocad-npm-virtual/follow-redirects/-/follow-redirects-1.14.3.tgz",
      "integrity": "sha1-atp4EY2NJMruWVWVrM3ArGq9Ai4="
    }
  }
}
