
Microsoft Visual Studio Solution File, Format Version 12.00
# Visual Studio Version 16
VisualStudioVersion = 16.0.31321.278
MinimumVisualStudioVersion = 10.0.40219.1
Project("{9A19103F-16F7-4668-BE54-9A1E7A4F7556}") = "Client", "client\Client.csproj", "{13E7422E-EA1F-4D0F-868D-B02B1203A99B}"
EndProject
Project("{FAE04EC0-301F-11D3-BF4B-00C04F79EFBC}") = "CrxApp", "acad_crxapp\CrxApp.csproj", "{04DFF2CB-FB89-46E0-B161-34B3BCAAA356}"
EndProject
Global
	GlobalSection(SolutionConfigurationPlatforms) = preSolution
		Debug|Any CPU = Debug|Any CPU
		Release|Any CPU = Release|Any CPU
	EndGlobalSection
	GlobalSection(ProjectConfigurationPlatforms) = postSolution
		{13E7422E-EA1F-4D0F-868D-B02B1203A99B}.Debug|Any CPU.ActiveCfg = Debug|Any CPU
		{13E7422E-EA1F-4D0F-868D-B02B1203A99B}.Debug|Any CPU.Build.0 = Debug|Any CPU
		{13E7422E-EA1F-4D0F-868D-B02B1203A99B}.Release|Any CPU.ActiveCfg = Release|Any CPU
		{13E7422E-EA1F-4D0F-868D-B02B1203A99B}.Release|Any CPU.Build.0 = Release|Any CPU
		{04DFF2CB-FB89-46E0-B161-34B3BCAAA356}.Debug|Any CPU.ActiveCfg = Debug|Any CPU
		{04DFF2CB-FB89-46E0-B161-34B3BCAAA356}.Debug|Any CPU.Build.0 = Debug|Any CPU
		{04DFF2CB-FB89-46E0-B161-34B3BCAAA356}.Release|Any CPU.ActiveCfg = Release|Any CPU
		{04DFF2CB-FB89-46E0-B161-34B3BCAAA356}.Release|Any CPU.Build.0 = Release|Any CPU
	EndGlobalSection
	GlobalSection(SolutionProperties) = preSolution
		HideSolutionNode = FALSE
	EndGlobalSection
	GlobalSection(ExtensibilityGlobals) = postSolution
		SolutionGuid = {60F11D69-CBB3-4DB3-9A9B-630601AEBDE3}
	EndGlobalSection
EndGlobal
